
Microsoft Visual Studio Solution File, Format Version 12.00
# Visual Studio 14
VisualStudioVersion = 14.0.25420.1
MinimumVisualStudioVersion = 10.0.40219.1
Project("{FAE04EC0-301F-11D3-BF4B-00C04F79EFBC}") = "LegoSharp", "LegoSharp\LegoSharp.csproj", "{8CF95C96-AC24-4E85-AE5E-EB7969E0789C}"
EndProject
Project("{2150E333-8FDC-42A3-9474-1A3956D46DE8}") = "Solution Items", "Solution Items", "{15C43147-3048-4899-B206-707A9B17BF61}"
EndProject
Project("{FAE04EC0-301F-11D3-BF4B-00C04F79EFBC}") = "InstructionChecker", "InstructionChecker\InstructionChecker.csproj", "{8DCD7826-99B5-456A-A298-F1A109A221A2}"
	ProjectSection(ProjectDependencies) = postProject
		{732DA878-5C18-482E-9C21-697F37600F5A} = {732DA878-5C18-482E-9C21-697F37600F5A}
		{8CF95C96-AC24-4E85-AE5E-EB7969E0789C} = {8CF95C96-AC24-4E85-AE5E-EB7969E0789C}
	EndProjectSection
EndProject
Project("{FAE04EC0-301F-11D3-BF4B-00C04F79EFBC}") = "LegoSharpTest", "LegoSharpTest\LegoSharpTest.csproj", "{732DA878-5C18-482E-9C21-697F37600F5A}"
EndProject
Global
	GlobalSection(SolutionConfigurationPlatforms) = preSolution
		Debug|Any CPU = Debug|Any CPU
		Release|Any CPU = Release|Any CPU
	EndGlobalSection
	GlobalSection(ProjectConfigurationPlatforms) = postSolution
		{8CF95C96-AC24-4E85-AE5E-EB7969E0789C}.Debug|Any CPU.ActiveCfg = Debug|Any CPU
		{8CF95C96-AC24-4E85-AE5E-EB7969E0789C}.Debug|Any CPU.Build.0 = Debug|Any CPU
		{8CF95C96-AC24-4E85-AE5E-EB7969E0789C}.Release|Any CPU.ActiveCfg = Release|Any CPU
		{8CF95C96-AC24-4E85-AE5E-EB7969E0789C}.Release|Any CPU.Build.0 = Release|Any CPU
		{8DCD7826-99B5-456A-A298-F1A109A221A2}.Debug|Any CPU.ActiveCfg = Debug|Any CPU
		{8DCD7826-99B5-456A-A298-F1A109A221A2}.Debug|Any CPU.Build.0 = Debug|Any CPU
		{8DCD7826-99B5-456A-A298-F1A109A221A2}.Release|Any CPU.ActiveCfg = Release|Any CPU
		{8DCD7826-99B5-456A-A298-F1A109A221A2}.Release|Any CPU.Build.0 = Release|Any CPU
		{732DA878-5C18-482E-9C21-697F37600F5A}.Debug|Any CPU.ActiveCfg = Debug|Any CPU
		{732DA878-5C18-482E-9C21-697F37600F5A}.Debug|Any CPU.Build.0 = Debug|Any CPU
		{732DA878-5C18-482E-9C21-697F37600F5A}.Release|Any CPU.ActiveCfg = Release|Any CPU
		{732DA878-5C18-482E-9C21-697F37600F5A}.Release|Any CPU.Build.0 = Release|Any CPU
	EndGlobalSection
	GlobalSection(SolutionProperties) = preSolution
		HideSolutionNode = FALSE
	EndGlobalSection
EndGlobal
